// !$*UTF8*$!
{
	archiveVersion = 1;
	classes = {
	};
	objectVersion = 55;
	objects = {

/* Begin PBXBuildFile section */
		C2FC38A528D2F9E300A69358 /* AppDelegate.swift in Sources */ = {isa = PBXBuildFile; fileRef = C2FC38A428D2F9E300A69358 /* AppDelegate.swift */; };
		C2FC38A728D2F9E300A69358 /* SceneDelegate.swift in Sources */ = {isa = PBXBuildFile; fileRef = C2FC38A628D2F9E300A69358 /* SceneDelegate.swift */; };
		C2FC38A928D2F9E300A69358 /* MainViewController.swift in Sources */ = {isa = PBXBuildFile; fileRef = C2FC38A828D2F9E300A69358 /* MainViewController.swift */; };
		C2FC38AE28D2F9E400A69358 /* Assets.xcassets in Resources */ = {isa = PBXBuildFile; fileRef = C2FC38AD28D2F9E400A69358 /* Assets.xcassets */; };
		C2FC38B128D2F9E400A69358 /* LaunchScreen.storyboard in Resources */ = {isa = PBXBuildFile; fileRef = C2FC38AF28D2F9E400A69358 /* LaunchScreen.storyboard */; };
		C2FC38BC28D2F9E500A69358 /* EventLoggerTests.swift in Sources */ = {isa = PBXBuildFile; fileRef = C2FC38BB28D2F9E500A69358 /* EventLoggerTests.swift */; };
		C2FC38C628D2F9E500A69358 /* EventLoggerUITests.swift in Sources */ = {isa = PBXBuildFile; fileRef = C2FC38C528D2F9E500A69358 /* EventLoggerUITests.swift */; };
		C2FC38C828D2F9E500A69358 /* EventLoggerUITestsLaunchTests.swift in Sources */ = {isa = PBXBuildFile; fileRef = C2FC38C728D2F9E500A69358 /* EventLoggerUITestsLaunchTests.swift */; };
		C2FC38D528D2FC1900A69358 /* LogConsoleViewController.swift in Sources */ = {isa = PBXBuildFile; fileRef = C2FC38D428D2FC1900A69358 /* LogConsoleViewController.swift */; };
		C2FC38D928D3094100A69358 /* MainWindow.swift in Sources */ = {isa = PBXBuildFile; fileRef = C2FC38D828D3094100A69358 /* MainWindow.swift */; };
		C2FC38DB28D3119C00A69358 /* LogConsoleManager.swift in Sources */ = {isa = PBXBuildFile; fileRef = C2FC38DA28D3119C00A69358 /* LogConsoleManager.swift */; };
		C2FC38DD28D3337E00A69358 /* TestViewController.swift in Sources */ = {isa = PBXBuildFile; fileRef = C2FC38DC28D3337E00A69358 /* TestViewController.swift */; };
		C2FC38DF28D37A1400A69358 /* LogConsoleViewMode.swift in Sources */ = {isa = PBXBuildFile; fileRef = C2FC38DE28D37A1400A69358 /* LogConsoleViewMode.swift */; };
		C2FC38E228D399D300A69358 /* LinkedFramesList.swift in Sources */ = {isa = PBXBuildFile; fileRef = C2FC38E128D399D300A69358 /* LinkedFramesList.swift */; };
		C2FC38E428D399F400A69358 /* PerformanceMonitor.swift in Sources */ = {isa = PBXBuildFile; fileRef = C2FC38E328D399F400A69358 /* PerformanceMonitor.swift */; };
		C2FC38E628D39A0F00A69358 /* PerformanceCalculator.swift in Sources */ = {isa = PBXBuildFile; fileRef = C2FC38E528D39A0F00A69358 /* PerformanceCalculator.swift */; };
		C2FC38E828D39A9E00A69358 /* PerformanceView.swift in Sources */ = {isa = PBXBuildFile; fileRef = C2FC38E728D39A9E00A69358 /* PerformanceView.swift */; };
		C7161AF228E5F98900A941D1 /* CocoaLumberjack in Frameworks */ = {isa = PBXBuildFile; productRef = C7161AF128E5F98900A941D1 /* CocoaLumberjack */; };
		C7161AF428E5F98900A941D1 /* CocoaLumberjackSwift in Frameworks */ = {isa = PBXBuildFile; productRef = C7161AF328E5F98900A941D1 /* CocoaLumberjackSwift */; };
		C7161AF728E625DB00A941D1 /* LogConsoleTableViewCell.swift in Sources */ = {isa = PBXBuildFile; fileRef = C7161AF628E625DB00A941D1 /* LogConsoleTableViewCell.swift */; };
		C7161AF928E62FB400A941D1 /* LogConsoleMessage.swift in Sources */ = {isa = PBXBuildFile; fileRef = C7161AF828E62FB400A941D1 /* LogConsoleMessage.swift */; };
		C7161AFC28E6BA7500A941D1 /* Logger.swift in Sources */ = {isa = PBXBuildFile; fileRef = C7161AFB28E6BA7500A941D1 /* Logger.swift */; };
		C7161AFE28E6BA9B00A941D1 /* Loggable.swift in Sources */ = {isa = PBXBuildFile; fileRef = C7161AFD28E6BA9B00A941D1 /* Loggable.swift */; };
		C7161B0028E6BAC200A941D1 /* Logger+Helper.swift in Sources */ = {isa = PBXBuildFile; fileRef = C7161AFF28E6BAC200A941D1 /* Logger+Helper.swift */; };
		C7161B0428E6BAED00A941D1 /* LogCategory.swift in Sources */ = {isa = PBXBuildFile; fileRef = C7161B0328E6BAED00A941D1 /* LogCategory.swift */; };
		C7161B0628E6C23F00A941D1 /* Loggable+Extension.swift in Sources */ = {isa = PBXBuildFile; fileRef = C7161B0528E6C23F00A941D1 /* Loggable+Extension.swift */; };
		C7161B0828E6C72B00A941D1 /* CustomDDOSLogger.swift in Sources */ = {isa = PBXBuildFile; fileRef = C7161B0728E6C72B00A941D1 /* CustomDDOSLogger.swift */; };
		C7161B0A28E6E84D00A941D1 /* LumberJackManager.swift in Sources */ = {isa = PBXBuildFile; fileRef = C7161B0928E6E84D00A941D1 /* LumberJackManager.swift */; };
		C7161B0D28E6EB1A00A941D1 /* BaseLogFormatter.swift in Sources */ = {isa = PBXBuildFile; fileRef = C7161B0C28E6EB1A00A941D1 /* BaseLogFormatter.swift */; };
		C7161B0F28E6EC1300A941D1 /* DefaultLogFormatter.swift in Sources */ = {isa = PBXBuildFile; fileRef = C7161B0E28E6EC1300A941D1 /* DefaultLogFormatter.swift */; };
/* End PBXBuildFile section */

/* Begin PBXContainerItemProxy section */
		C2FC38B828D2F9E500A69358 /* PBXContainerItemProxy */ = {
			isa = PBXContainerItemProxy;
			containerPortal = C2FC389928D2F9E300A69358 /* Project object */;
			proxyType = 1;
			remoteGlobalIDString = C2FC38A028D2F9E300A69358;
			remoteInfo = EventLogger;
		};
		C2FC38C228D2F9E500A69358 /* PBXContainerItemProxy */ = {
			isa = PBXContainerItemProxy;
			containerPortal = C2FC389928D2F9E300A69358 /* Project object */;
			proxyType = 1;
			remoteGlobalIDString = C2FC38A028D2F9E300A69358;
			remoteInfo = EventLogger;
		};
/* End PBXContainerItemProxy section */

/* Begin PBXFileReference section */
		C2FC38A128D2F9E300A69358 /* EventLogger.app */ = {isa = PBXFileReference; explicitFileType = wrapper.application; includeInIndex = 0; path = EventLogger.app; sourceTree = BUILT_PRODUCTS_DIR; };
		C2FC38A428D2F9E300A69358 /* AppDelegate.swift */ = {isa = PBXFileReference; lastKnownFileType = sourcecode.swift; path = AppDelegate.swift; sourceTree = "<group>"; };
		C2FC38A628D2F9E300A69358 /* SceneDelegate.swift */ = {isa = PBXFileReference; lastKnownFileType = sourcecode.swift; path = SceneDelegate.swift; sourceTree = "<group>"; };
		C2FC38A828D2F9E300A69358 /* MainViewController.swift */ = {isa = PBXFileReference; lastKnownFileType = sourcecode.swift; path = MainViewController.swift; sourceTree = "<group>"; };
		C2FC38AD28D2F9E400A69358 /* Assets.xcassets */ = {isa = PBXFileReference; lastKnownFileType = folder.assetcatalog; path = Assets.xcassets; sourceTree = "<group>"; };
		C2FC38B028D2F9E400A69358 /* Base */ = {isa = PBXFileReference; lastKnownFileType = file.storyboard; name = Base; path = Base.lproj/LaunchScreen.storyboard; sourceTree = "<group>"; };
		C2FC38B228D2F9E400A69358 /* Info.plist */ = {isa = PBXFileReference; lastKnownFileType = text.plist.xml; path = Info.plist; sourceTree = "<group>"; };
		C2FC38B728D2F9E500A69358 /* EventLoggerTests.xctest */ = {isa = PBXFileReference; explicitFileType = wrapper.cfbundle; includeInIndex = 0; path = EventLoggerTests.xctest; sourceTree = BUILT_PRODUCTS_DIR; };
		C2FC38BB28D2F9E500A69358 /* EventLoggerTests.swift */ = {isa = PBXFileReference; lastKnownFileType = sourcecode.swift; path = EventLoggerTests.swift; sourceTree = "<group>"; };
		C2FC38C128D2F9E500A69358 /* EventLoggerUITests.xctest */ = {isa = PBXFileReference; explicitFileType = wrapper.cfbundle; includeInIndex = 0; path = EventLoggerUITests.xctest; sourceTree = BUILT_PRODUCTS_DIR; };
		C2FC38C528D2F9E500A69358 /* EventLoggerUITests.swift */ = {isa = PBXFileReference; lastKnownFileType = sourcecode.swift; path = EventLoggerUITests.swift; sourceTree = "<group>"; };
		C2FC38C728D2F9E500A69358 /* EventLoggerUITestsLaunchTests.swift */ = {isa = PBXFileReference; lastKnownFileType = sourcecode.swift; path = EventLoggerUITestsLaunchTests.swift; sourceTree = "<group>"; };
		C2FC38D428D2FC1900A69358 /* LogConsoleViewController.swift */ = {isa = PBXFileReference; lastKnownFileType = sourcecode.swift; path = LogConsoleViewController.swift; sourceTree = "<group>"; };
		C2FC38D828D3094100A69358 /* MainWindow.swift */ = {isa = PBXFileReference; lastKnownFileType = sourcecode.swift; path = MainWindow.swift; sourceTree = "<group>"; };
		C2FC38DA28D3119C00A69358 /* LogConsoleManager.swift */ = {isa = PBXFileReference; lastKnownFileType = sourcecode.swift; path = LogConsoleManager.swift; sourceTree = "<group>"; };
		C2FC38DC28D3337E00A69358 /* TestViewController.swift */ = {isa = PBXFileReference; lastKnownFileType = sourcecode.swift; path = TestViewController.swift; sourceTree = "<group>"; };
		C2FC38DE28D37A1400A69358 /* LogConsoleViewMode.swift */ = {isa = PBXFileReference; lastKnownFileType = sourcecode.swift; path = LogConsoleViewMode.swift; sourceTree = "<group>"; };
		C2FC38E128D399D300A69358 /* LinkedFramesList.swift */ = {isa = PBXFileReference; lastKnownFileType = sourcecode.swift; path = LinkedFramesList.swift; sourceTree = "<group>"; };
		C2FC38E328D399F400A69358 /* PerformanceMonitor.swift */ = {isa = PBXFileReference; lastKnownFileType = sourcecode.swift; path = PerformanceMonitor.swift; sourceTree = "<group>"; };
		C2FC38E528D39A0F00A69358 /* PerformanceCalculator.swift */ = {isa = PBXFileReference; lastKnownFileType = sourcecode.swift; path = PerformanceCalculator.swift; sourceTree = "<group>"; };
		C2FC38E728D39A9E00A69358 /* PerformanceView.swift */ = {isa = PBXFileReference; lastKnownFileType = sourcecode.swift; path = PerformanceView.swift; sourceTree = "<group>"; };
		C7161AF628E625DB00A941D1 /* LogConsoleTableViewCell.swift */ = {isa = PBXFileReference; lastKnownFileType = sourcecode.swift; path = LogConsoleTableViewCell.swift; sourceTree = "<group>"; };
		C7161AF828E62FB400A941D1 /* LogConsoleMessage.swift */ = {isa = PBXFileReference; lastKnownFileType = sourcecode.swift; path = LogConsoleMessage.swift; sourceTree = "<group>"; };
		C7161AFB28E6BA7500A941D1 /* Logger.swift */ = {isa = PBXFileReference; lastKnownFileType = sourcecode.swift; path = Logger.swift; sourceTree = "<group>"; };
		C7161AFD28E6BA9B00A941D1 /* Loggable.swift */ = {isa = PBXFileReference; lastKnownFileType = sourcecode.swift; path = Loggable.swift; sourceTree = "<group>"; };
		C7161AFF28E6BAC200A941D1 /* Logger+Helper.swift */ = {isa = PBXFileReference; lastKnownFileType = sourcecode.swift; path = "Logger+Helper.swift"; sourceTree = "<group>"; };
		C7161B0328E6BAED00A941D1 /* LogCategory.swift */ = {isa = PBXFileReference; lastKnownFileType = sourcecode.swift; path = LogCategory.swift; sourceTree = "<group>"; };
		C7161B0528E6C23F00A941D1 /* Loggable+Extension.swift */ = {isa = PBXFileReference; lastKnownFileType = sourcecode.swift; path = "Loggable+Extension.swift"; sourceTree = "<group>"; };
		C7161B0728E6C72B00A941D1 /* CustomDDOSLogger.swift */ = {isa = PBXFileReference; lastKnownFileType = sourcecode.swift; path = CustomDDOSLogger.swift; sourceTree = "<group>"; };
		C7161B0928E6E84D00A941D1 /* LumberJackManager.swift */ = {isa = PBXFileReference; lastKnownFileType = sourcecode.swift; path = LumberJackManager.swift; sourceTree = "<group>"; };
		C7161B0C28E6EB1A00A941D1 /* BaseLogFormatter.swift */ = {isa = PBXFileReference; lastKnownFileType = sourcecode.swift; path = BaseLogFormatter.swift; sourceTree = "<group>"; };
		C7161B0E28E6EC1300A941D1 /* DefaultLogFormatter.swift */ = {isa = PBXFileReference; lastKnownFileType = sourcecode.swift; path = DefaultLogFormatter.swift; sourceTree = "<group>"; };
/* End PBXFileReference section */

/* Begin PBXFrameworksBuildPhase section */
		C2FC389E28D2F9E300A69358 /* Frameworks */ = {
			isa = PBXFrameworksBuildPhase;
			buildActionMask = 2147483647;
			files = (
				C7161AF428E5F98900A941D1 /* CocoaLumberjackSwift in Frameworks */,
				C7161AF228E5F98900A941D1 /* CocoaLumberjack in Frameworks */,
			);
			runOnlyForDeploymentPostprocessing = 0;
		};
		C2FC38B428D2F9E500A69358 /* Frameworks */ = {
			isa = PBXFrameworksBuildPhase;
			buildActionMask = 2147483647;
			files = (
			);
			runOnlyForDeploymentPostprocessing = 0;
		};
		C2FC38BE28D2F9E500A69358 /* Frameworks */ = {
			isa = PBXFrameworksBuildPhase;
			buildActionMask = 2147483647;
			files = (
			);
			runOnlyForDeploymentPostprocessing = 0;
		};
/* End PBXFrameworksBuildPhase section */

/* Begin PBXGroup section */
		C2FC389828D2F9E300A69358 = {
			isa = PBXGroup;
			children = (
				C2FC38A328D2F9E300A69358 /* EventLogger */,
				C2FC38BA28D2F9E500A69358 /* EventLoggerTests */,
				C2FC38C428D2F9E500A69358 /* EventLoggerUITests */,
				C2FC38A228D2F9E300A69358 /* Products */,
			);
			sourceTree = "<group>";
		};
		C2FC38A228D2F9E300A69358 /* Products */ = {
			isa = PBXGroup;
			children = (
				C2FC38A128D2F9E300A69358 /* EventLogger.app */,
				C2FC38B728D2F9E500A69358 /* EventLoggerTests.xctest */,
				C2FC38C128D2F9E500A69358 /* EventLoggerUITests.xctest */,
			);
			name = Products;
			sourceTree = "<group>";
		};
		C2FC38A328D2F9E300A69358 /* EventLogger */ = {
			isa = PBXGroup;
			children = (
				C2FC38A428D2F9E300A69358 /* AppDelegate.swift */,
				C2FC38A628D2F9E300A69358 /* SceneDelegate.swift */,
				C2FC38D828D3094100A69358 /* MainWindow.swift */,
				C2FC38A828D2F9E300A69358 /* MainViewController.swift */,
				C2FC38DC28D3337E00A69358 /* TestViewController.swift */,
				C2FC38D628D2FC4300A69358 /* LogConsole */,
				C2FC38AD28D2F9E400A69358 /* Assets.xcassets */,
				C2FC38AF28D2F9E400A69358 /* LaunchScreen.storyboard */,
				C2FC38B228D2F9E400A69358 /* Info.plist */,
			);
			path = EventLogger;
			sourceTree = "<group>";
		};
		C2FC38BA28D2F9E500A69358 /* EventLoggerTests */ = {
			isa = PBXGroup;
			children = (
				C2FC38BB28D2F9E500A69358 /* EventLoggerTests.swift */,
			);
			path = EventLoggerTests;
			sourceTree = "<group>";
		};
		C2FC38C428D2F9E500A69358 /* EventLoggerUITests */ = {
			isa = PBXGroup;
			children = (
				C2FC38C528D2F9E500A69358 /* EventLoggerUITests.swift */,
				C2FC38C728D2F9E500A69358 /* EventLoggerUITestsLaunchTests.swift */,
			);
			path = EventLoggerUITests;
			sourceTree = "<group>";
		};
		C2FC38D628D2FC4300A69358 /* LogConsole */ = {
			isa = PBXGroup;
			children = (
				C7161B0B28E6EAF900A941D1 /* LogFormatter */,
				C7161AFA28E6BA6100A941D1 /* Logger */,
				C2FC38E028D399C100A69358 /* Performance */,
				C2FC38D728D2FC4E00A69358 /* ViewController */,
				C7161AF528E625BB00A941D1 /* View */,
				C2FC38DE28D37A1400A69358 /* LogConsoleViewMode.swift */,
				C2FC38DA28D3119C00A69358 /* LogConsoleManager.swift */,
				C7161AF828E62FB400A941D1 /* LogConsoleMessage.swift */,
				C7161B0928E6E84D00A941D1 /* LumberJackManager.swift */,
			);
			path = LogConsole;
			sourceTree = "<group>";
		};
		C2FC38D728D2FC4E00A69358 /* ViewController */ = {
			isa = PBXGroup;
			children = (
				C2FC38D428D2FC1900A69358 /* LogConsoleViewController.swift */,
			);
			path = ViewController;
			sourceTree = "<group>";
		};
		C2FC38E028D399C100A69358 /* Performance */ = {
			isa = PBXGroup;
			children = (
				C2FC38E128D399D300A69358 /* LinkedFramesList.swift */,
				C2FC38E328D399F400A69358 /* PerformanceMonitor.swift */,
				C2FC38E528D39A0F00A69358 /* PerformanceCalculator.swift */,
				C2FC38E728D39A9E00A69358 /* PerformanceView.swift */,
			);
			path = Performance;
			sourceTree = "<group>";
		};
		C7161AF528E625BB00A941D1 /* View */ = {
			isa = PBXGroup;
			children = (
				C7161AF628E625DB00A941D1 /* LogConsoleTableViewCell.swift */,
			);
			path = View;
			sourceTree = "<group>";
		};
		C7161AFA28E6BA6100A941D1 /* Logger */ = {
			isa = PBXGroup;
			children = (
				C7161AFB28E6BA7500A941D1 /* Logger.swift */,
				C7161AFF28E6BAC200A941D1 /* Logger+Helper.swift */,
				C7161B0328E6BAED00A941D1 /* LogCategory.swift */,
				C7161AFD28E6BA9B00A941D1 /* Loggable.swift */,
				C7161B0528E6C23F00A941D1 /* Loggable+Extension.swift */,
				C7161B0728E6C72B00A941D1 /* CustomDDOSLogger.swift */,
			);
			path = Logger;
			sourceTree = "<group>";
		};
		C7161B0B28E6EAF900A941D1 /* LogFormatter */ = {
			isa = PBXGroup;
			children = (
				C7161B0C28E6EB1A00A941D1 /* BaseLogFormatter.swift */,
				C7161B0E28E6EC1300A941D1 /* DefaultLogFormatter.swift */,
			);
			path = LogFormatter;
			sourceTree = "<group>";
		};
/* End PBXGroup section */

/* Begin PBXNativeTarget section */
		C2FC38A028D2F9E300A69358 /* EventLogger */ = {
			isa = PBXNativeTarget;
			buildConfigurationList = C2FC38CB28D2F9E500A69358 /* Build configuration list for PBXNativeTarget "EventLogger" */;
			buildPhases = (
				C2FC389D28D2F9E300A69358 /* Sources */,
				C2FC389E28D2F9E300A69358 /* Frameworks */,
				C2FC389F28D2F9E300A69358 /* Resources */,
			);
			buildRules = (
			);
			dependencies = (
			);
			name = EventLogger;
			packageProductDependencies = (
				C7161AF128E5F98900A941D1 /* CocoaLumberjack */,
				C7161AF328E5F98900A941D1 /* CocoaLumberjackSwift */,
			);
			productName = EventLogger;
			productReference = C2FC38A128D2F9E300A69358 /* EventLogger.app */;
			productType = "com.apple.product-type.application";
		};
		C2FC38B628D2F9E500A69358 /* EventLoggerTests */ = {
			isa = PBXNativeTarget;
			buildConfigurationList = C2FC38CE28D2F9E500A69358 /* Build configuration list for PBXNativeTarget "EventLoggerTests" */;
			buildPhases = (
				C2FC38B328D2F9E500A69358 /* Sources */,
				C2FC38B428D2F9E500A69358 /* Frameworks */,
				C2FC38B528D2F9E500A69358 /* Resources */,
			);
			buildRules = (
			);
			dependencies = (
				C2FC38B928D2F9E500A69358 /* PBXTargetDependency */,
			);
			name = EventLoggerTests;
			productName = EventLoggerTests;
			productReference = C2FC38B728D2F9E500A69358 /* EventLoggerTests.xctest */;
			productType = "com.apple.product-type.bundle.unit-test";
		};
		C2FC38C028D2F9E500A69358 /* EventLoggerUITests */ = {
			isa = PBXNativeTarget;
			buildConfigurationList = C2FC38D128D2F9E500A69358 /* Build configuration list for PBXNativeTarget "EventLoggerUITests" */;
			buildPhases = (
				C2FC38BD28D2F9E500A69358 /* Sources */,
				C2FC38BE28D2F9E500A69358 /* Frameworks */,
				C2FC38BF28D2F9E500A69358 /* Resources */,
			);
			buildRules = (
			);
			dependencies = (
				C2FC38C328D2F9E500A69358 /* PBXTargetDependency */,
			);
			name = EventLoggerUITests;
			productName = EventLoggerUITests;
			productReference = C2FC38C128D2F9E500A69358 /* EventLoggerUITests.xctest */;
			productType = "com.apple.product-type.bundle.ui-testing";
		};
/* End PBXNativeTarget section */

/* Begin PBXProject section */
		C2FC389928D2F9E300A69358 /* Project object */ = {
			isa = PBXProject;
			attributes = {
				BuildIndependentTargetsInParallel = 1;
				LastSwiftUpdateCheck = 1340;
				LastUpgradeCheck = 1340;
				TargetAttributes = {
					C2FC38A028D2F9E300A69358 = {
						CreatedOnToolsVersion = 13.4.1;
					};
					C2FC38B628D2F9E500A69358 = {
						CreatedOnToolsVersion = 13.4.1;
						TestTargetID = C2FC38A028D2F9E300A69358;
					};
					C2FC38C028D2F9E500A69358 = {
						CreatedOnToolsVersion = 13.4.1;
						TestTargetID = C2FC38A028D2F9E300A69358;
					};
				};
			};
			buildConfigurationList = C2FC389C28D2F9E300A69358 /* Build configuration list for PBXProject "EventLogger" */;
			compatibilityVersion = "Xcode 13.0";
			developmentRegion = en;
			hasScannedForEncodings = 0;
			knownRegions = (
				en,
				Base,
			);
			mainGroup = C2FC389828D2F9E300A69358;
			packageReferences = (
				C7161AF028E5F98900A941D1 /* XCRemoteSwiftPackageReference "CocoaLumberjack" */,
			);
			productRefGroup = C2FC38A228D2F9E300A69358 /* Products */;
			projectDirPath = "";
			projectRoot = "";
			targets = (
				C2FC38A028D2F9E300A69358 /* EventLogger */,
				C2FC38B628D2F9E500A69358 /* EventLoggerTests */,
				C2FC38C028D2F9E500A69358 /* EventLoggerUITests */,
			);
		};
/* End PBXProject section */

/* Begin PBXResourcesBuildPhase section */
		C2FC389F28D2F9E300A69358 /* Resources */ = {
			isa = PBXResourcesBuildPhase;
			buildActionMask = 2147483647;
			files = (
				C2FC38B128D2F9E400A69358 /* LaunchScreen.storyboard in Resources */,
				C2FC38AE28D2F9E400A69358 /* Assets.xcassets in Resources */,
			);
			runOnlyForDeploymentPostprocessing = 0;
		};
		C2FC38B528D2F9E500A69358 /* Resources */ = {
			isa = PBXResourcesBuildPhase;
			buildActionMask = 2147483647;
			files = (
			);
			runOnlyForDeploymentPostprocessing = 0;
		};
		C2FC38BF28D2F9E500A69358 /* Resources */ = {
			isa = PBXResourcesBuildPhase;
			buildActionMask = 2147483647;
			files = (
			);
			runOnlyForDeploymentPostprocessing = 0;
		};
/* End PBXResourcesBuildPhase section */

/* Begin PBXSourcesBuildPhase section */
		C2FC389D28D2F9E300A69358 /* Sources */ = {
			isa = PBXSourcesBuildPhase;
			buildActionMask = 2147483647;
			files = (
				C2FC38DF28D37A1400A69358 /* LogConsoleViewMode.swift in Sources */,
				C7161B0D28E6EB1A00A941D1 /* BaseLogFormatter.swift in Sources */,
				C2FC38DD28D3337E00A69358 /* TestViewController.swift in Sources */,
				C7161B0F28E6EC1300A941D1 /* DefaultLogFormatter.swift in Sources */,
				C7161AF928E62FB400A941D1 /* LogConsoleMessage.swift in Sources */,
				C2FC38A928D2F9E300A69358 /* MainViewController.swift in Sources */,
				C7161B0628E6C23F00A941D1 /* Loggable+Extension.swift in Sources */,
				C2FC38E228D399D300A69358 /* LinkedFramesList.swift in Sources */,
				C2FC38DB28D3119C00A69358 /* LogConsoleManager.swift in Sources */,
				C7161AFE28E6BA9B00A941D1 /* Loggable.swift in Sources */,
				C7161AF728E625DB00A941D1 /* LogConsoleTableViewCell.swift in Sources */,
				C2FC38D528D2FC1900A69358 /* LogConsoleViewController.swift in Sources */,
				C7161B0828E6C72B00A941D1 /* CustomDDOSLogger.swift in Sources */,
				C2FC38E628D39A0F00A69358 /* PerformanceCalculator.swift in Sources */,
				C2FC38D928D3094100A69358 /* MainWindow.swift in Sources */,
				C7161AFC28E6BA7500A941D1 /* Logger.swift in Sources */,
				C2FC38E428D399F400A69358 /* PerformanceMonitor.swift in Sources */,
				C7161B0A28E6E84D00A941D1 /* LumberJackManager.swift in Sources */,
				C2FC38E828D39A9E00A69358 /* PerformanceView.swift in Sources */,
				C7161B0028E6BAC200A941D1 /* Logger+Helper.swift in Sources */,
				C7161B0428E6BAED00A941D1 /* LogCategory.swift in Sources */,
				C2FC38A528D2F9E300A69358 /* AppDelegate.swift in Sources */,
				C2FC38A728D2F9E300A69358 /* SceneDelegate.swift in Sources */,
			);
			runOnlyForDeploymentPostprocessing = 0;
		};
		C2FC38B328D2F9E500A69358 /* Sources */ = {
			isa = PBXSourcesBuildPhase;
			buildActionMask = 2147483647;
			files = (
				C2FC38BC28D2F9E500A69358 /* EventLoggerTests.swift in Sources */,
			);
			runOnlyForDeploymentPostprocessing = 0;
		};
		C2FC38BD28D2F9E500A69358 /* Sources */ = {
			isa = PBXSourcesBuildPhase;
			buildActionMask = 2147483647;
			files = (
				C2FC38C628D2F9E500A69358 /* EventLoggerUITests.swift in Sources */,
				C2FC38C828D2F9E500A69358 /* EventLoggerUITestsLaunchTests.swift in Sources */,
			);
			runOnlyForDeploymentPostprocessing = 0;
		};
/* End PBXSourcesBuildPhase section */

/* Begin PBXTargetDependency section */
		C2FC38B928D2F9E500A69358 /* PBXTargetDependency */ = {
			isa = PBXTargetDependency;
			target = C2FC38A028D2F9E300A69358 /* EventLogger */;
			targetProxy = C2FC38B828D2F9E500A69358 /* PBXContainerItemProxy */;
		};
		C2FC38C328D2F9E500A69358 /* PBXTargetDependency */ = {
			isa = PBXTargetDependency;
			target = C2FC38A028D2F9E300A69358 /* EventLogger */;
			targetProxy = C2FC38C228D2F9E500A69358 /* PBXContainerItemProxy */;
		};
/* End PBXTargetDependency section */

/* Begin PBXVariantGroup section */
		C2FC38AF28D2F9E400A69358 /* LaunchScreen.storyboard */ = {
			isa = PBXVariantGroup;
			children = (
				C2FC38B028D2F9E400A69358 /* Base */,
			);
			name = LaunchScreen.storyboard;
			sourceTree = "<group>";
		};
/* End PBXVariantGroup section */

/* Begin XCBuildConfiguration section */
		C2FC38C928D2F9E500A69358 /* Debug */ = {
			isa = XCBuildConfiguration;
			buildSettings = {
				ALWAYS_SEARCH_USER_PATHS = NO;
				CLANG_ANALYZER_NONNULL = YES;
				CLANG_ANALYZER_NUMBER_OBJECT_CONVERSION = YES_AGGRESSIVE;
				CLANG_CXX_LANGUAGE_STANDARD = "gnu++17";
				CLANG_ENABLE_MODULES = YES;
				CLANG_ENABLE_OBJC_ARC = YES;
				CLANG_ENABLE_OBJC_WEAK = YES;
				CLANG_WARN_BLOCK_CAPTURE_AUTORELEASING = YES;
				CLANG_WARN_BOOL_CONVERSION = YES;
				CLANG_WARN_COMMA = YES;
				CLANG_WARN_CONSTANT_CONVERSION = YES;
				CLANG_WARN_DEPRECATED_OBJC_IMPLEMENTATIONS = YES;
				CLANG_WARN_DIRECT_OBJC_ISA_USAGE = YES_ERROR;
				CLANG_WARN_DOCUMENTATION_COMMENTS = YES;
				CLANG_WARN_EMPTY_BODY = YES;
				CLANG_WARN_ENUM_CONVERSION = YES;
				CLANG_WARN_INFINITE_RECURSION = YES;
				CLANG_WARN_INT_CONVERSION = YES;
				CLANG_WARN_NON_LITERAL_NULL_CONVERSION = YES;
				CLANG_WARN_OBJC_IMPLICIT_RETAIN_SELF = YES;
				CLANG_WARN_OBJC_LITERAL_CONVERSION = YES;
				CLANG_WARN_OBJC_ROOT_CLASS = YES_ERROR;
				CLANG_WARN_QUOTED_INCLUDE_IN_FRAMEWORK_HEADER = YES;
				CLANG_WARN_RANGE_LOOP_ANALYSIS = YES;
				CLANG_WARN_STRICT_PROTOTYPES = YES;
				CLANG_WARN_SUSPICIOUS_MOVE = YES;
				CLANG_WARN_UNGUARDED_AVAILABILITY = YES_AGGRESSIVE;
				CLANG_WARN_UNREACHABLE_CODE = YES;
				CLANG_WARN__DUPLICATE_METHOD_MATCH = YES;
				COPY_PHASE_STRIP = NO;
				DEBUG_INFORMATION_FORMAT = dwarf;
				ENABLE_STRICT_OBJC_MSGSEND = YES;
				ENABLE_TESTABILITY = YES;
				GCC_C_LANGUAGE_STANDARD = gnu11;
				GCC_DYNAMIC_NO_PIC = NO;
				GCC_NO_COMMON_BLOCKS = YES;
				GCC_OPTIMIZATION_LEVEL = 0;
				GCC_PREPROCESSOR_DEFINITIONS = (
					"DEBUG=1",
					"$(inherited)",
				);
				GCC_WARN_64_TO_32_BIT_CONVERSION = YES;
				GCC_WARN_ABOUT_RETURN_TYPE = YES_ERROR;
				GCC_WARN_UNDECLARED_SELECTOR = YES;
				GCC_WARN_UNINITIALIZED_AUTOS = YES_AGGRESSIVE;
				GCC_WARN_UNUSED_FUNCTION = YES;
				GCC_WARN_UNUSED_VARIABLE = YES;
				IPHONEOS_DEPLOYMENT_TARGET = 15.5;
				MTL_ENABLE_DEBUG_INFO = INCLUDE_SOURCE;
				MTL_FAST_MATH = YES;
				ONLY_ACTIVE_ARCH = YES;
				SDKROOT = iphoneos;
				SWIFT_ACTIVE_COMPILATION_CONDITIONS = DEBUG;
				SWIFT_OPTIMIZATION_LEVEL = "-Onone";
			};
			name = Debug;
		};
		C2FC38CA28D2F9E500A69358 /* Release */ = {
			isa = XCBuildConfiguration;
			buildSettings = {
				ALWAYS_SEARCH_USER_PATHS = NO;
				CLANG_ANALYZER_NONNULL = YES;
				CLANG_ANALYZER_NUMBER_OBJECT_CONVERSION = YES_AGGRESSIVE;
				CLANG_CXX_LANGUAGE_STANDARD = "gnu++17";
				CLANG_ENABLE_MODULES = YES;
				CLANG_ENABLE_OBJC_ARC = YES;
				CLANG_ENABLE_OBJC_WEAK = YES;
				CLANG_WARN_BLOCK_CAPTURE_AUTORELEASING = YES;
				CLANG_WARN_BOOL_CONVERSION = YES;
				CLANG_WARN_COMMA = YES;
				CLANG_WARN_CONSTANT_CONVERSION = YES;
				CLANG_WARN_DEPRECATED_OBJC_IMPLEMENTATIONS = YES;
				CLANG_WARN_DIRECT_OBJC_ISA_USAGE = YES_ERROR;
				CLANG_WARN_DOCUMENTATION_COMMENTS = YES;
				CLANG_WARN_EMPTY_BODY = YES;
				CLANG_WARN_ENUM_CONVERSION = YES;
				CLANG_WARN_INFINITE_RECURSION = YES;
				CLANG_WARN_INT_CONVERSION = YES;
				CLANG_WARN_NON_LITERAL_NULL_CONVERSION = YES;
				CLANG_WARN_OBJC_IMPLICIT_RETAIN_SELF = YES;
				CLANG_WARN_OBJC_LITERAL_CONVERSION = YES;
				CLANG_WARN_OBJC_ROOT_CLASS = YES_ERROR;
				CLANG_WARN_QUOTED_INCLUDE_IN_FRAMEWORK_HEADER = YES;
				CLANG_WARN_RANGE_LOOP_ANALYSIS = YES;
				CLANG_WARN_STRICT_PROTOTYPES = YES;
				CLANG_WARN_SUSPICIOUS_MOVE = YES;
				CLANG_WARN_UNGUARDED_AVAILABILITY = YES_AGGRESSIVE;
				CLANG_WARN_UNREACHABLE_CODE = YES;
				CLANG_WARN__DUPLICATE_METHOD_MATCH = YES;
				COPY_PHASE_STRIP = NO;
				DEBUG_INFORMATION_FORMAT = "dwarf-with-dsym";
				ENABLE_NS_ASSERTIONS = NO;
				ENABLE_STRICT_OBJC_MSGSEND = YES;
				GCC_C_LANGUAGE_STANDARD = gnu11;
				GCC_NO_COMMON_BLOCKS = YES;
				GCC_WARN_64_TO_32_BIT_CONVERSION = YES;
				GCC_WARN_ABOUT_RETURN_TYPE = YES_ERROR;
				GCC_WARN_UNDECLARED_SELECTOR = YES;
				GCC_WARN_UNINITIALIZED_AUTOS = YES_AGGRESSIVE;
				GCC_WARN_UNUSED_FUNCTION = YES;
				GCC_WARN_UNUSED_VARIABLE = YES;
				IPHONEOS_DEPLOYMENT_TARGET = 15.5;
				MTL_ENABLE_DEBUG_INFO = NO;
				MTL_FAST_MATH = YES;
				SDKROOT = iphoneos;
				SWIFT_COMPILATION_MODE = wholemodule;
				SWIFT_OPTIMIZATION_LEVEL = "-O";
				VALIDATE_PRODUCT = YES;
			};
			name = Release;
		};
		C2FC38CC28D2F9E500A69358 /* Debug */ = {
			isa = XCBuildConfiguration;
			buildSettings = {
				ASSETCATALOG_COMPILER_APPICON_NAME = AppIcon;
				ASSETCATALOG_COMPILER_GLOBAL_ACCENT_COLOR_NAME = AccentColor;
				CODE_SIGN_STYLE = Automatic;
				CURRENT_PROJECT_VERSION = 1;
				GENERATE_INFOPLIST_FILE = YES;
				INFOPLIST_FILE = EventLogger/Info.plist;
				INFOPLIST_KEY_UIApplicationSupportsIndirectInputEvents = YES;
				INFOPLIST_KEY_UILaunchStoryboardName = LaunchScreen;
				INFOPLIST_KEY_UISupportedInterfaceOrientations_iPad = "UIInterfaceOrientationPortrait UIInterfaceOrientationPortraitUpsideDown UIInterfaceOrientationLandscapeLeft UIInterfaceOrientationLandscapeRight";
				INFOPLIST_KEY_UISupportedInterfaceOrientations_iPhone = "UIInterfaceOrientationPortrait UIInterfaceOrientationLandscapeLeft UIInterfaceOrientationLandscapeRight";
				LD_RUNPATH_SEARCH_PATHS = (
					"$(inherited)",
					"@executable_path/Frameworks",
				);
				MARKETING_VERSION = 1.0;
				PRODUCT_BUNDLE_IDENTIFIER = com.msk7529.EventLogger;
				PRODUCT_NAME = "$(TARGET_NAME)";
				SWIFT_EMIT_LOC_STRINGS = YES;
				SWIFT_VERSION = 5.0;
				TARGETED_DEVICE_FAMILY = "1,2";
			};
			name = Debug;
		};
		C2FC38CD28D2F9E500A69358 /* Release */ = {
			isa = XCBuildConfiguration;
			buildSettings = {
				ASSETCATALOG_COMPILER_APPICON_NAME = AppIcon;
				ASSETCATALOG_COMPILER_GLOBAL_ACCENT_COLOR_NAME = AccentColor;
				CODE_SIGN_STYLE = Automatic;
				CURRENT_PROJECT_VERSION = 1;
				GENERATE_INFOPLIST_FILE = YES;
				INFOPLIST_FILE = EventLogger/Info.plist;
				INFOPLIST_KEY_UIApplicationSupportsIndirectInputEvents = YES;
				INFOPLIST_KEY_UILaunchStoryboardName = LaunchScreen;
				INFOPLIST_KEY_UISupportedInterfaceOrientations_iPad = "UIInterfaceOrientationPortrait UIInterfaceOrientationPortraitUpsideDown UIInterfaceOrientationLandscapeLeft UIInterfaceOrientationLandscapeRight";
				INFOPLIST_KEY_UISupportedInterfaceOrientations_iPhone = "UIInterfaceOrientationPortrait UIInterfaceOrientationLandscapeLeft UIInterfaceOrientationLandscapeRight";
				LD_RUNPATH_SEARCH_PATHS = (
					"$(inherited)",
					"@executable_path/Frameworks",
				);
				MARKETING_VERSION = 1.0;
				PRODUCT_BUNDLE_IDENTIFIER = com.msk7529.EventLogger;
				PRODUCT_NAME = "$(TARGET_NAME)";
				SWIFT_EMIT_LOC_STRINGS = YES;
				SWIFT_VERSION = 5.0;
				TARGETED_DEVICE_FAMILY = "1,2";
			};
			name = Release;
		};
		C2FC38CF28D2F9E500A69358 /* Debug */ = {
			isa = XCBuildConfiguration;
			buildSettings = {
				ALWAYS_EMBED_SWIFT_STANDARD_LIBRARIES = YES;
				BUNDLE_LOADER = "$(TEST_HOST)";
				CODE_SIGN_STYLE = Automatic;
				CURRENT_PROJECT_VERSION = 1;
				GENERATE_INFOPLIST_FILE = YES;
				IPHONEOS_DEPLOYMENT_TARGET = 15.5;
				MARKETING_VERSION = 1.0;
				PRODUCT_BUNDLE_IDENTIFIER = com.msk7529.EventLoggerTests;
				PRODUCT_NAME = "$(TARGET_NAME)";
				SWIFT_EMIT_LOC_STRINGS = NO;
				SWIFT_VERSION = 5.0;
				TARGETED_DEVICE_FAMILY = "1,2";
				TEST_HOST = "$(BUILT_PRODUCTS_DIR)/EventLogger.app/EventLogger";
			};
			name = Debug;
		};
		C2FC38D028D2F9E500A69358 /* Release */ = {
			isa = XCBuildConfiguration;
			buildSettings = {
				ALWAYS_EMBED_SWIFT_STANDARD_LIBRARIES = YES;
				BUNDLE_LOADER = "$(TEST_HOST)";
				CODE_SIGN_STYLE = Automatic;
				CURRENT_PROJECT_VERSION = 1;
				GENERATE_INFOPLIST_FILE = YES;
				IPHONEOS_DEPLOYMENT_TARGET = 15.5;
				MARKETING_VERSION = 1.0;
				PRODUCT_BUNDLE_IDENTIFIER = com.msk7529.EventLoggerTests;
				PRODUCT_NAME = "$(TARGET_NAME)";
				SWIFT_EMIT_LOC_STRINGS = NO;
				SWIFT_VERSION = 5.0;
				TARGETED_DEVICE_FAMILY = "1,2";
				TEST_HOST = "$(BUILT_PRODUCTS_DIR)/EventLogger.app/EventLogger";
			};
			name = Release;
		};
		C2FC38D228D2F9E500A69358 /* Debug */ = {
			isa = XCBuildConfiguration;
			buildSettings = {
				ALWAYS_EMBED_SWIFT_STANDARD_LIBRARIES = YES;
				CODE_SIGN_STYLE = Automatic;
				CURRENT_PROJECT_VERSION = 1;
				GENERATE_INFOPLIST_FILE = YES;
				MARKETING_VERSION = 1.0;
				PRODUCT_BUNDLE_IDENTIFIER = com.msk7529.EventLoggerUITests;
				PRODUCT_NAME = "$(TARGET_NAME)";
				SWIFT_EMIT_LOC_STRINGS = NO;
				SWIFT_VERSION = 5.0;
				TARGETED_DEVICE_FAMILY = "1,2";
				TEST_TARGET_NAME = EventLogger;
			};
			name = Debug;
		};
		C2FC38D328D2F9E500A69358 /* Release */ = {
			isa = XCBuildConfiguration;
			buildSettings = {
				ALWAYS_EMBED_SWIFT_STANDARD_LIBRARIES = YES;
				CODE_SIGN_STYLE = Automatic;
				CURRENT_PROJECT_VERSION = 1;
				GENERATE_INFOPLIST_FILE = YES;
				MARKETING_VERSION = 1.0;
				PRODUCT_BUNDLE_IDENTIFIER = com.msk7529.EventLoggerUITests;
				PRODUCT_NAME = "$(TARGET_NAME)";
				SWIFT_EMIT_LOC_STRINGS = NO;
				SWIFT_VERSION = 5.0;
				TARGETED_DEVICE_FAMILY = "1,2";
				TEST_TARGET_NAME = EventLogger;
			};
			name = Release;
		};
/* End XCBuildConfiguration section */

/* Begin XCConfigurationList section */
		C2FC389C28D2F9E300A69358 /* Build configuration list for PBXProject "EventLogger" */ = {
			isa = XCConfigurationList;
			buildConfigurations = (
				C2FC38C928D2F9E500A69358 /* Debug */,
				C2FC38CA28D2F9E500A69358 /* Release */,
			);
			defaultConfigurationIsVisible = 0;
			defaultConfigurationName = Release;
		};
		C2FC38CB28D2F9E500A69358 /* Build configuration list for PBXNativeTarget "EventLogger" */ = {
			isa = XCConfigurationList;
			buildConfigurations = (
				C2FC38CC28D2F9E500A69358 /* Debug */,
				C2FC38CD28D2F9E500A69358 /* Release */,
			);
			defaultConfigurationIsVisible = 0;
			defaultConfigurationName = Release;
		};
		C2FC38CE28D2F9E500A69358 /* Build configuration list for PBXNativeTarget "EventLoggerTests" */ = {
			isa = XCConfigurationList;
			buildConfigurations = (
				C2FC38CF28D2F9E500A69358 /* Debug */,
				C2FC38D028D2F9E500A69358 /* Release */,
			);
			defaultConfigurationIsVisible = 0;
			defaultConfigurationName = Release;
		};
		C2FC38D128D2F9E500A69358 /* Build configuration list for PBXNativeTarget "EventLoggerUITests" */ = {
			isa = XCConfigurationList;
			buildConfigurations = (
				C2FC38D228D2F9E500A69358 /* Debug */,
				C2FC38D328D2F9E500A69358 /* Release */,
			);
			defaultConfigurationIsVisible = 0;
			defaultConfigurationName = Release;
		};
/* End XCConfigurationList section */

/* Begin XCRemoteSwiftPackageReference section */
		C7161AF028E5F98900A941D1 /* XCRemoteSwiftPackageReference "CocoaLumberjack" */ = {
			isa = XCRemoteSwiftPackageReference;
			repositoryURL = "https://github.com/CocoaLumberjack/CocoaLumberjack.git";
			requirement = {
				kind = exactVersion;
				version = 3.7.4;
			};
		};
/* End XCRemoteSwiftPackageReference section */

/* Begin XCSwiftPackageProductDependency section */
		C7161AF128E5F98900A941D1 /* CocoaLumberjack */ = {
			isa = XCSwiftPackageProductDependency;
			package = C7161AF028E5F98900A941D1 /* XCRemoteSwiftPackageReference "CocoaLumberjack" */;
			productName = CocoaLumberjack;
		};
		C7161AF328E5F98900A941D1 /* CocoaLumberjackSwift */ = {
			isa = XCSwiftPackageProductDependency;
			package = C7161AF028E5F98900A941D1 /* XCRemoteSwiftPackageReference "CocoaLumberjack" */;
			productName = CocoaLumberjackSwift;
		};
/* End XCSwiftPackageProductDependency section */
	};
	rootObject = C2FC389928D2F9E300A69358 /* Project object */;
}
